
Microsoft Visual Studio Solution File, Format Version 12.00
# Visual Studio 15
VisualStudioVersion = 15.0.28307.1267
MinimumVisualStudioVersion = 10.0.40219.1
Project("{FAE04EC0-301F-11D3-BF4B-00C04F79EFBC}") = "Mocking", "Mocking\Mocking.csproj", "{175514C9-5726-4908-89F6-8A96223C5587}"
EndProject
Project("{FAE04EC0-301F-11D3-BF4B-00C04F79EFBC}") = "Mocking.Common", "Mocking.Common\Mocking.Common.csproj", "{AF6513E9-E545-4FF3-A76E-1A18E2D1A36F}"
EndProject
Project("{FAE04EC0-301F-11D3-BF4B-00C04F79EFBC}") = "Mocking.Tests", "Mocking.Tests\Mocking.Tests.csproj", "{264C6692-9C5C-45BE-A5E3-41DB29E76169}"
EndProject
Project("{FAE04EC0-301F-11D3-BF4B-00C04F79EFBC}") = "Mocking.Fakes", "Mocking.Fakes\Mocking.Fakes.csproj", "{A78595BD-D58B-45B3-A03C-57EF4A3C2928}"
EndProject
Global
	GlobalSection(SolutionConfigurationPlatforms) = preSolution
		Debug|Any CPU = Debug|Any CPU
		Release|Any CPU = Release|Any CPU
	EndGlobalSection
	GlobalSection(ProjectConfigurationPlatforms) = postSolution
		{175514C9-5726-4908-89F6-8A96223C5587}.Debug|Any CPU.ActiveCfg = Debug|Any CPU
		{175514C9-5726-4908-89F6-8A96223C5587}.Debug|Any CPU.Build.0 = Debug|Any CPU
		{175514C9-5726-4908-89F6-8A96223C5587}.Release|Any CPU.ActiveCfg = Release|Any CPU
		{175514C9-5726-4908-89F6-8A96223C5587}.Release|Any CPU.Build.0 = Release|Any CPU
		{AF6513E9-E545-4FF3-A76E-1A18E2D1A36F}.Debug|Any CPU.ActiveCfg = Debug|Any CPU
		{AF6513E9-E545-4FF3-A76E-1A18E2D1A36F}.Debug|Any CPU.Build.0 = Debug|Any CPU
		{AF6513E9-E545-4FF3-A76E-1A18E2D1A36F}.Release|Any CPU.ActiveCfg = Release|Any CPU
		{AF6513E9-E545-4FF3-A76E-1A18E2D1A36F}.Release|Any CPU.Build.0 = Release|Any CPU
		{264C6692-9C5C-45BE-A5E3-41DB29E76169}.Debug|Any CPU.ActiveCfg = Debug|Any CPU
		{264C6692-9C5C-45BE-A5E3-41DB29E76169}.Debug|Any CPU.Build.0 = Debug|Any CPU
		{264C6692-9C5C-45BE-A5E3-41DB29E76169}.Release|Any CPU.ActiveCfg = Release|Any CPU
		{264C6692-9C5C-45BE-A5E3-41DB29E76169}.Release|Any CPU.Build.0 = Release|Any CPU
		{A78595BD-D58B-45B3-A03C-57EF4A3C2928}.Debug|Any CPU.ActiveCfg = Debug|Any CPU
		{A78595BD-D58B-45B3-A03C-57EF4A3C2928}.Debug|Any CPU.Build.0 = Debug|Any CPU
		{A78595BD-D58B-45B3-A03C-57EF4A3C2928}.Release|Any CPU.ActiveCfg = Release|Any CPU
		{A78595BD-D58B-45B3-A03C-57EF4A3C2928}.Release|Any CPU.Build.0 = Release|Any CPU
	EndGlobalSection
	GlobalSection(SolutionProperties) = preSolution
		HideSolutionNode = FALSE
	EndGlobalSection
	GlobalSection(ExtensibilityGlobals) = postSolution
		SolutionGuid = {C1BAAD50-39A7-44B0-ABBB-BD0B2CB003E0}
	EndGlobalSection
EndGlobal
