
Microsoft Visual Studio Solution File, Format Version 12.00
# Visual Studio 15
VisualStudioVersion = 15.0.28307.1267
MinimumVisualStudioVersion = 10.0.40219.1
Project("{FAE04EC0-301F-11D3-BF4B-00C04F79EFBC}") = "Calculator", "Calculator\Calculator.csproj", "{3F9E1827-4436-48C5-B1ED-C441D9DDAA40}"
EndProject
Project("{FAE04EC0-301F-11D3-BF4B-00C04F79EFBC}") = "CalculatorTestsNUnit", "CalculatorTestsNUnit\CalculatorTestsNUnit.csproj", "{04923E4D-BB6A-40D1-A4E2-62A1E5E4DF22}"
EndProject
Global
	GlobalSection(SolutionConfigurationPlatforms) = preSolution
		Debug|Any CPU = Debug|Any CPU
		Release|Any CPU = Release|Any CPU
	EndGlobalSection
	GlobalSection(ProjectConfigurationPlatforms) = postSolution
		{3F9E1827-4436-48C5-B1ED-C441D9DDAA40}.Debug|Any CPU.ActiveCfg = Debug|Any CPU
		{3F9E1827-4436-48C5-B1ED-C441D9DDAA40}.Debug|Any CPU.Build.0 = Debug|Any CPU
		{3F9E1827-4436-48C5-B1ED-C441D9DDAA40}.Release|Any CPU.ActiveCfg = Release|Any CPU
		{3F9E1827-4436-48C5-B1ED-C441D9DDAA40}.Release|Any CPU.Build.0 = Release|Any CPU
		{04923E4D-BB6A-40D1-A4E2-62A1E5E4DF22}.Debug|Any CPU.ActiveCfg = Debug|Any CPU
		{04923E4D-BB6A-40D1-A4E2-62A1E5E4DF22}.Debug|Any CPU.Build.0 = Debug|Any CPU
		{04923E4D-BB6A-40D1-A4E2-62A1E5E4DF22}.Release|Any CPU.ActiveCfg = Release|Any CPU
		{04923E4D-BB6A-40D1-A4E2-62A1E5E4DF22}.Release|Any CPU.Build.0 = Release|Any CPU
	EndGlobalSection
	GlobalSection(SolutionProperties) = preSolution
		HideSolutionNode = FALSE
	EndGlobalSection
	GlobalSection(ExtensibilityGlobals) = postSolution
		SolutionGuid = {18B3E30C-6E48-4518-B31E-8DE9C4F90EB4}
	EndGlobalSection
EndGlobal
